
Microsoft Visual Studio Solution File, Format Version 12.00
# Visual Studio Version 17
VisualStudioVersion = 17.3.32825.248
MinimumVisualStudioVersion = 10.0.40219.1
Project("{FAE04EC0-301F-11D3-BF4B-00C04F79EFBC}") = "ConsoleApp", "ConsoleApp\ConsoleApp.csproj", "{EA0AB71E-D73D-4823-966D-9917EC5EEBCF}"
EndProject
Global
	GlobalSection(SolutionConfigurationPlatforms) = preSolution
		Debug|Any CPU = Debug|Any CPU
		Release|Any CPU = Release|Any CPU
	EndGlobalSection
	GlobalSection(ProjectConfigurationPlatforms) = postSolution
		{EA0AB71E-D73D-4823-966D-9917EC5EEBCF}.Debug|Any CPU.ActiveCfg = Debug|Any CPU
		{EA0AB71E-D73D-4823-966D-9917EC5EEBCF}.Debug|Any CPU.Build.0 = Debug|Any CPU
		{EA0AB71E-D73D-4823-966D-9917EC5EEBCF}.Release|Any CPU.ActiveCfg = Release|Any CPU
		{EA0AB71E-D73D-4823-966D-9917EC5EEBCF}.Release|Any CPU.Build.0 = Release|Any CPU
	EndGlobalSection
	GlobalSection(SolutionProperties) = preSolution
		HideSolutionNode = FALSE
	EndGlobalSection
	GlobalSection(ExtensibilityGlobals) = postSolution
		SolutionGuid = {1B9ED964-4328-4ACB-A93C-96FC9A72D861}
	EndGlobalSection
EndGlobal
